
Microsoft Visual Studio Solution File, Format Version 12.00
# Visual Studio 14
VisualStudioVersion = 14.0.23107.0
MinimumVisualStudioVersion = 10.0.40219.1
Project("{FAE04EC0-301F-11D3-BF4B-00C04F79EFBC}") = "FormulaEvaluuator", "FormulaEvaluuator\FormulaEvaluuator.csproj", "{7B13BEE2-F8CF-447A-B380-48266C24A9EF}"
EndProject
Global
	GlobalSection(SolutionConfigurationPlatforms) = preSolution
		Debug|Any CPU = Debug|Any CPU
		Release|Any CPU = Release|Any CPU
	EndGlobalSection
	GlobalSection(ProjectConfigurationPlatforms) = postSolution
		{7B13BEE2-F8CF-447A-B380-48266C24A9EF}.Debug|Any CPU.ActiveCfg = Debug|Any CPU
		{7B13BEE2-F8CF-447A-B380-48266C24A9EF}.Debug|Any CPU.Build.0 = Debug|Any CPU
		{7B13BEE2-F8CF-447A-B380-48266C24A9EF}.Release|Any CPU.ActiveCfg = Release|Any CPU
		{7B13BEE2-F8CF-447A-B380-48266C24A9EF}.Release|Any CPU.Build.0 = Release|Any CPU
	EndGlobalSection
	GlobalSection(SolutionProperties) = preSolution
		HideSolutionNode = FALSE
	EndGlobalSection
EndGlobal
